<?xml version="1.0" encoding="utf-8"?>
<Project ToolsVersion="4.0" xmlns="http://schemas.microsoft.com/developer/msbuild/2003">
  <ItemGroup>
    <Filter Include="Jona">
      <UniqueIdentifier>{4D8A877C-39C1-880D-E2AD-6E10CEC3040F}</UniqueIdentifier>
    </Filter>
  </ItemGroup>
  <ItemGroup>
    <ClInclude Include="src\Jona.h" />
    <ClInclude Include="src\Jona\Application.h">
      <Filter>Jona</Filter>
    </ClInclude>
    <ClInclude Include="src\Jona\Core.h">
      <Filter>Jona</Filter>
    </ClInclude>
    <ClInclude Include="src\Jona\EntryPoint.h">
      <Filter>Jona</Filter>
    </ClInclude>
    <ClInclude Include="src\Jona\Log.h">
      <Filter>Jona</Filter>
    </ClInclude>
  </ItemGroup>
  <ItemGroup>
    <ClCompile Include="src\Jona\Application.cpp">
      <Filter>Jona</Filter>
    </ClCompile>
    <ClCompile Include="src\Jona\Log.cpp">
      <Filter>Jona</Filter>
    </ClCompile>
  </ItemGroup>
</Project>